{
  "name": "fastify-cookie",
  "lockfileVersion": 2,
  "requires": true,
  "packages": {
    "": {
      "dependencies": {
        "fastify-cookie": "^5.3.1"
      }
    },
    "node_modules/@fastify/cookie": {
      "version": "6.0.0",
      "resolved": "http://localhost:8000/@fastify%2fcookie/-/cookie-6.0.0.tgz",
      "integrity": "sha512-h8cZ0tReEjaAOjIBhRQ8ezu9FHXHPXITd7s5GUp0Eq4F7THSNDNO1snnKWGewmHVJCnuJUTHJd1cXQYDWc56kQ==",
      "license": "MIT",
      "dependencies": {
        "cookie": "^0.4.0",
        "cookie-signature": "^1.1.0",
        "fastify-plugin": "^3.0.0"
      }
    },
    "node_modules/cookie": {
      "version": "0.4.1",
      "resolved": "http://localhost:8000/cookie/-/cookie-0.4.1.tgz",
      "integrity": "sha512-ZwrFkGJxUR3EIoXtO+yVE69Eb7KlixbaeAWfBQB9vVsNn/o+Yw69gBWSSDK825hQNdN+wF8zELf3dFNl/kxkUA==",
      "license": "MIT",
      "engines": {
        "node": ">= 0.6"
      }
    },
    "node_modules/cookie-signature": {
      "version": "1.1.0",
      "resolved": "http://localhost:8000/cookie-signature/-/cookie-signature-1.1.0.tgz",
      "integrity": "sha512-Alvs19Vgq07eunykd3Xy2jF0/qSNv2u7KDbAek9H5liV1UMijbqFs5cycZvv5dVsvseT/U4H8/7/w8Koh35C4A==",
      "license": "MIT",
      "engines": {
        "node": ">=6.6.0"
      }
    },
    "node_modules/fastify-cookie": {
      "version": "5.4.0",
      "resolved": "http://localhost:8000/fastify-cookie/-/fastify-cookie-5.4.0.tgz",
      "integrity": "sha512-mcAeKLEhIyaaPll2YZHryq06RGP6pD8ykRSNbZFARFjRxI0HSv8nFp94nUcXvpdCQ6iHuiWxAwUALN9B3g/bYA==",
      "license": "MIT",
      "dependencies": {
        "@fastify/cookie": "6.0.0",
        "fastify-warning": "^0.2.0"
      }
    },
    "node_modules/fastify-plugin": {
      "version": "3.0.0",
      "resolved": "http://localhost:8000/fastify-plugin/-/fastify-plugin-3.0.0.tgz",
      "integrity": "sha512-ZdCvKEEd92DNLps5n0v231Bha8bkz1DjnPP/aEz37rz/q42Z5JVLmgnqR4DYuNn3NXAO3IDCPyRvgvxtJ4Ym4w==",
      "license": "MIT"
    },
    "node_modules/fastify-warning": {
      "version": "0.2.0",
      "resolved": "http://localhost:8000/fastify-warning/-/fastify-warning-0.2.0.tgz",
      "integrity": "sha512-s1EQguBw/9qtc1p/WTY4eq9WMRIACkj+HTcOIK1in4MV5aFaQC9ZCIt0dJ7pr5bIf4lPpHvAtP2ywpTNgs7hqw==",
      "license": "MIT"
    }
  },
  "dependencies": {
    "@fastify/cookie": {
      "version": "6.0.0",
      "resolved": "http://localhost:8000/@fastify%2fcookie/-/cookie-6.0.0.tgz",
      "integrity": "sha512-h8cZ0tReEjaAOjIBhRQ8ezu9FHXHPXITd7s5GUp0Eq4F7THSNDNO1snnKWGewmHVJCnuJUTHJd1cXQYDWc56kQ==",
      "requires": {
        "cookie": "^0.4.0",
        "cookie-signature": "^1.1.0",
        "fastify-plugin": "^3.0.0"
      }
    },
    "cookie": {
      "version": "0.4.1",
      "resolved": "http://localhost:8000/cookie/-/cookie-0.4.1.tgz",
      "integrity": "sha512-ZwrFkGJxUR3EIoXtO+yVE69Eb7KlixbaeAWfBQB9vVsNn/o+Yw69gBWSSDK825hQNdN+wF8zELf3dFNl/kxkUA=="
    },
    "cookie-signature": {
      "version": "1.1.0",
      "resolved": "http://localhost:8000/cookie-signature/-/cookie-signature-1.1.0.tgz",
      "integrity": "sha512-Alvs19Vgq07eunykd3Xy2jF0/qSNv2u7KDbAek9H5liV1UMijbqFs5cycZvv5dVsvseT/U4H8/7/w8Koh35C4A=="
    },
    "fastify-cookie": {
      "version": "5.4.0",
      "resolved": "http://localhost:8000/fastify-cookie/-/fastify-cookie-5.4.0.tgz",
      "integrity": "sha512-mcAeKLEhIyaaPll2YZHryq06RGP6pD8ykRSNbZFARFjRxI0HSv8nFp94nUcXvpdCQ6iHuiWxAwUALN9B3g/bYA==",
      "requires": {
        "@fastify/cookie": "6.0.0",
        "fastify-warning": "^0.2.0"
      }
    },
    "fastify-plugin": {
      "version": "3.0.0",
      "resolved": "http://localhost:8000/fastify-plugin/-/fastify-plugin-3.0.0.tgz",
      "integrity": "sha512-ZdCvKEEd92DNLps5n0v231Bha8bkz1DjnPP/aEz37rz/q42Z5JVLmgnqR4DYuNn3NXAO3IDCPyRvgvxtJ4Ym4w=="
    },
    "fastify-warning": {
      "version": "0.2.0",
      "resolved": "http://localhost:8000/fastify-warning/-/fastify-warning-0.2.0.tgz",
      "integrity": "sha512-s1EQguBw/9qtc1p/WTY4eq9WMRIACkj+HTcOIK1in4MV5aFaQC9ZCIt0dJ7pr5bIf4lPpHvAtP2ywpTNgs7hqw=="
    }
  }
}
